
Microsoft Visual Studio Solution File, Format Version 12.00
# Visual Studio Version 17
VisualStudioVersion = 17.1.32228.430
MinimumVisualStudioVersion = 10.0.40219.1
Project("{FAE04EC0-301F-11D3-BF4B-00C04F79EFBC}") = "FarmManagementSoftware", "FarmManagementSoftware.csproj", "{3418C86C-6ED3-4C9A-B2DD-4CB574115D2D}"
EndProject
Global
	GlobalSection(SolutionConfigurationPlatforms) = preSolution
		Debug|Any CPU = Debug|Any CPU
		Release|Any CPU = Release|Any CPU
	EndGlobalSection
	GlobalSection(ProjectConfigurationPlatforms) = postSolution
		{3418C86C-6ED3-4C9A-B2DD-4CB574115D2D}.Debug|Any CPU.ActiveCfg = Debug|Any CPU
		{3418C86C-6ED3-4C9A-B2DD-4CB574115D2D}.Debug|Any CPU.Build.0 = Debug|Any CPU
		{3418C86C-6ED3-4C9A-B2DD-4CB574115D2D}.Release|Any CPU.ActiveCfg = Release|Any CPU
		{3418C86C-6ED3-4C9A-B2DD-4CB574115D2D}.Release|Any CPU.Build.0 = Release|Any CPU
	EndGlobalSection
	GlobalSection(SolutionProperties) = preSolution
		HideSolutionNode = FALSE
	EndGlobalSection
	GlobalSection(ExtensibilityGlobals) = postSolution
		SolutionGuid = {94363330-2B7D-4024-B2A3-D12D78675909}
	EndGlobalSection
EndGlobal
